
Microsoft Visual Studio Solution File, Format Version 12.00
# Visual Studio Version 16
VisualStudioVersion = 16.0.29709.97
MinimumVisualStudioVersion = 10.0.40219.1
Project("{2150E333-8FDC-42A3-9474-1A3956D46DE8}") = "Services", "Services", "{FA922586-27D2-46BA-9D66-A3AE8672C8C5}"
EndProject
Project("{2150E333-8FDC-42A3-9474-1A3956D46DE8}") = "Globals", "Globals", "{B9DB9071-8F9E-47A9-9752-B6E2A71D5839}"
EndProject
Project("{9A19103F-16F7-4668-BE54-9A1E7A4F7556}") = "Utils", "Utils\Utils.csproj", "{AA5DED8B-F085-472D-B836-10E250CF7D4E}"
EndProject
Project("{2150E333-8FDC-42A3-9474-1A3956D46DE8}") = "Usuario", "Usuario", "{75A724F0-7E13-4412-BB34-DAE4C8DEB5A2}"
EndProject
Project("{2150E333-8FDC-42A3-9474-1A3956D46DE8}") = "1-Service", "1-Service", "{A519BFE8-A2E2-48F4-9AE4-A7EAB934606C}"
EndProject
Project("{9A19103F-16F7-4668-BE54-9A1E7A4F7556}") = "UsuarioApi.Api", "Services\Profissionais\Profissionais.Api\UsuarioApi.Api.csproj", "{0A15EFA6-3F9D-4E74-A604-5CB9149E000D}"
EndProject
Project("{2150E333-8FDC-42A3-9474-1A3956D46DE8}") = "2-Domain", "2-Domain", "{C447018C-68A2-4AB8-AF7E-3AB1514AD20A}"
EndProject
Project("{9A19103F-16F7-4668-BE54-9A1E7A4F7556}") = "UsuarioApi.Domain", "Services\Profissionais\Profissionais.Domain\UsuarioApi.Domain.csproj", "{88CCEF70-FB0B-4139-B3CE-F9B44E64A764}"
EndProject
Project("{2150E333-8FDC-42A3-9474-1A3956D46DE8}") = "3-Infra", "3-Infra", "{82B62E07-9259-4330-98E3-5E862A74BD2A}"
EndProject
Project("{2150E333-8FDC-42A3-9474-1A3956D46DE8}") = "3.1-Data", "3.1-Data", "{BE23B65B-36F5-455A-B4C7-E1D47EFABEE5}"
EndProject
Project("{9A19103F-16F7-4668-BE54-9A1E7A4F7556}") = "UsuarioApi.Infra.Data.SqlServer", "Services\Profissionais\Profissionais.Infra.Data.SqlServer\UsuarioApi.Infra.Data.SqlServer.csproj", "{B588C2D4-F69B-4DA1-9E1E-51D477138C15}"
EndProject
Project("{2150E333-8FDC-42A3-9474-1A3956D46DE8}") = "3.2-CrossCutting", "3.2-CrossCutting", "{B72E448C-9B93-4282-9933-2D20304D83E5}"
EndProject
Project("{9A19103F-16F7-4668-BE54-9A1E7A4F7556}") = "UsuarioApi.Infra.CrossCutting.IoC", "Services\Profissionais\Profissionais.Infra.CrossCutting.IoC\UsuarioApi.Infra.CrossCutting.IoC.csproj", "{CAFD4EA9-7E87-461E-8388-E5F3BD6FC89D}"
EndProject
Global
	GlobalSection(SolutionConfigurationPlatforms) = preSolution
		Debug|Any CPU = Debug|Any CPU
		Release|Any CPU = Release|Any CPU
	EndGlobalSection
	GlobalSection(ProjectConfigurationPlatforms) = postSolution
		{AA5DED8B-F085-472D-B836-10E250CF7D4E}.Debug|Any CPU.ActiveCfg = Debug|Any CPU
		{AA5DED8B-F085-472D-B836-10E250CF7D4E}.Debug|Any CPU.Build.0 = Debug|Any CPU
		{AA5DED8B-F085-472D-B836-10E250CF7D4E}.Release|Any CPU.ActiveCfg = Release|Any CPU
		{AA5DED8B-F085-472D-B836-10E250CF7D4E}.Release|Any CPU.Build.0 = Release|Any CPU
		{0A15EFA6-3F9D-4E74-A604-5CB9149E000D}.Debug|Any CPU.ActiveCfg = Debug|Any CPU
		{0A15EFA6-3F9D-4E74-A604-5CB9149E000D}.Debug|Any CPU.Build.0 = Debug|Any CPU
		{0A15EFA6-3F9D-4E74-A604-5CB9149E000D}.Release|Any CPU.ActiveCfg = Release|Any CPU
		{0A15EFA6-3F9D-4E74-A604-5CB9149E000D}.Release|Any CPU.Build.0 = Release|Any CPU
		{88CCEF70-FB0B-4139-B3CE-F9B44E64A764}.Debug|Any CPU.ActiveCfg = Debug|Any CPU
		{88CCEF70-FB0B-4139-B3CE-F9B44E64A764}.Debug|Any CPU.Build.0 = Debug|Any CPU
		{88CCEF70-FB0B-4139-B3CE-F9B44E64A764}.Release|Any CPU.ActiveCfg = Release|Any CPU
		{88CCEF70-FB0B-4139-B3CE-F9B44E64A764}.Release|Any CPU.Build.0 = Release|Any CPU
		{B588C2D4-F69B-4DA1-9E1E-51D477138C15}.Debug|Any CPU.ActiveCfg = Debug|Any CPU
		{B588C2D4-F69B-4DA1-9E1E-51D477138C15}.Debug|Any CPU.Build.0 = Debug|Any CPU
		{B588C2D4-F69B-4DA1-9E1E-51D477138C15}.Release|Any CPU.ActiveCfg = Release|Any CPU
		{B588C2D4-F69B-4DA1-9E1E-51D477138C15}.Release|Any CPU.Build.0 = Release|Any CPU
		{CAFD4EA9-7E87-461E-8388-E5F3BD6FC89D}.Debug|Any CPU.ActiveCfg = Debug|Any CPU
		{CAFD4EA9-7E87-461E-8388-E5F3BD6FC89D}.Debug|Any CPU.Build.0 = Debug|Any CPU
		{CAFD4EA9-7E87-461E-8388-E5F3BD6FC89D}.Release|Any CPU.ActiveCfg = Release|Any CPU
		{CAFD4EA9-7E87-461E-8388-E5F3BD6FC89D}.Release|Any CPU.Build.0 = Release|Any CPU
	EndGlobalSection
	GlobalSection(SolutionProperties) = preSolution
		HideSolutionNode = FALSE
	EndGlobalSection
	GlobalSection(NestedProjects) = preSolution
		{AA5DED8B-F085-472D-B836-10E250CF7D4E} = {B9DB9071-8F9E-47A9-9752-B6E2A71D5839}
		{75A724F0-7E13-4412-BB34-DAE4C8DEB5A2} = {FA922586-27D2-46BA-9D66-A3AE8672C8C5}
		{A519BFE8-A2E2-48F4-9AE4-A7EAB934606C} = {75A724F0-7E13-4412-BB34-DAE4C8DEB5A2}
		{0A15EFA6-3F9D-4E74-A604-5CB9149E000D} = {A519BFE8-A2E2-48F4-9AE4-A7EAB934606C}
		{C447018C-68A2-4AB8-AF7E-3AB1514AD20A} = {75A724F0-7E13-4412-BB34-DAE4C8DEB5A2}
		{88CCEF70-FB0B-4139-B3CE-F9B44E64A764} = {C447018C-68A2-4AB8-AF7E-3AB1514AD20A}
		{82B62E07-9259-4330-98E3-5E862A74BD2A} = {75A724F0-7E13-4412-BB34-DAE4C8DEB5A2}
		{BE23B65B-36F5-455A-B4C7-E1D47EFABEE5} = {82B62E07-9259-4330-98E3-5E862A74BD2A}
		{B588C2D4-F69B-4DA1-9E1E-51D477138C15} = {BE23B65B-36F5-455A-B4C7-E1D47EFABEE5}
		{B72E448C-9B93-4282-9933-2D20304D83E5} = {82B62E07-9259-4330-98E3-5E862A74BD2A}
		{CAFD4EA9-7E87-461E-8388-E5F3BD6FC89D} = {B72E448C-9B93-4282-9933-2D20304D83E5}
	EndGlobalSection
	GlobalSection(ExtensibilityGlobals) = postSolution
		SolutionGuid = {D58F47A3-4BA9-40BD-B794-1B43C0D3757F}
	EndGlobalSection
EndGlobal
